// !$*UTF8*$!
{
	archiveVersion = 1;
	classes = {
	};
	objectVersion = 55;
	objects = {

/* Begin PBXBuildFile section */
		6107D1C2279D139600DF66AC /* AppDelegate.swift in Sources */ = {isa = PBXBuildFile; fileRef = 6107D1C1279D139600DF66AC /* AppDelegate.swift */; };
		6107D1C4279D139600DF66AC /* GameScene.sks in Resources */ = {isa = PBXBuildFile; fileRef = 6107D1C3279D139600DF66AC /* GameScene.sks */; };
		6107D1C6279D139600DF66AC /* Actions.sks in Resources */ = {isa = PBXBuildFile; fileRef = 6107D1C5279D139600DF66AC /* Actions.sks */; };
		6107D1C8279D139600DF66AC /* GameScene.swift in Sources */ = {isa = PBXBuildFile; fileRef = 6107D1C7279D139600DF66AC /* GameScene.swift */; };
		6107D1CA279D139600DF66AC /* GameViewController.swift in Sources */ = {isa = PBXBuildFile; fileRef = 6107D1C9279D139600DF66AC /* GameViewController.swift */; };
		6107D1CD279D139600DF66AC /* Main.storyboard in Resources */ = {isa = PBXBuildFile; fileRef = 6107D1CB279D139600DF66AC /* Main.storyboard */; };
		6107D1CF279D139600DF66AC /* Assets.xcassets in Resources */ = {isa = PBXBuildFile; fileRef = 6107D1CE279D139600DF66AC /* Assets.xcassets */; };
		6107D1D2279D139600DF66AC /* LaunchScreen.storyboard in Resources */ = {isa = PBXBuildFile; fileRef = 6107D1D0279D139600DF66AC /* LaunchScreen.storyboard */; };
		69BB0211279DD29F0072239E /* BackgroundImg.swift in Sources */ = {isa = PBXBuildFile; fileRef = 69BB0210279DD29F0072239E /* BackgroundImg.swift */; };
		69BB0214279DD32C0072239E /* GameObject.swift in Sources */ = {isa = PBXBuildFile; fileRef = 69BB0213279DD32C0072239E /* GameObject.swift */; };
		69BB0216279DD3A90072239E /* GameProtocol.swift in Sources */ = {isa = PBXBuildFile; fileRef = 69BB0215279DD3A90072239E /* GameProtocol.swift */; };
		69BB021A279DDFC10072239E /* Quit.swift in Sources */ = {isa = PBXBuildFile; fileRef = 69BB0219279DDFC10072239E /* Quit.swift */; };
		69BB021C279DE3830072239E /* Spin.swift in Sources */ = {isa = PBXBuildFile; fileRef = 69BB021B279DE3830072239E /* Spin.swift */; };
/* End PBXBuildFile section */

/* Begin PBXFileReference section */
		6107D1BE279D139600DF66AC /* slot-machine-a1.app */ = {isa = PBXFileReference; explicitFileType = wrapper.application; includeInIndex = 0; path = "slot-machine-a1.app"; sourceTree = BUILT_PRODUCTS_DIR; };
		6107D1C1279D139600DF66AC /* AppDelegate.swift */ = {isa = PBXFileReference; lastKnownFileType = sourcecode.swift; path = AppDelegate.swift; sourceTree = "<group>"; };
		6107D1C3279D139600DF66AC /* GameScene.sks */ = {isa = PBXFileReference; lastKnownFileType = file.sks; path = GameScene.sks; sourceTree = "<group>"; };
		6107D1C5279D139600DF66AC /* Actions.sks */ = {isa = PBXFileReference; lastKnownFileType = file.sks; path = Actions.sks; sourceTree = "<group>"; };
		6107D1C7279D139600DF66AC /* GameScene.swift */ = {isa = PBXFileReference; lastKnownFileType = sourcecode.swift; path = GameScene.swift; sourceTree = "<group>"; };
		6107D1C9279D139600DF66AC /* GameViewController.swift */ = {isa = PBXFileReference; lastKnownFileType = sourcecode.swift; path = GameViewController.swift; sourceTree = "<group>"; };
		6107D1CC279D139600DF66AC /* Base */ = {isa = PBXFileReference; lastKnownFileType = file.storyboard; name = Base; path = Base.lproj/Main.storyboard; sourceTree = "<group>"; };
		6107D1CE279D139600DF66AC /* Assets.xcassets */ = {isa = PBXFileReference; lastKnownFileType = folder.assetcatalog; path = Assets.xcassets; sourceTree = "<group>"; };
		6107D1D1279D139600DF66AC /* Base */ = {isa = PBXFileReference; lastKnownFileType = file.storyboard; name = Base; path = Base.lproj/LaunchScreen.storyboard; sourceTree = "<group>"; };
		69BB0210279DD29F0072239E /* BackgroundImg.swift */ = {isa = PBXFileReference; lastKnownFileType = sourcecode.swift; path = BackgroundImg.swift; sourceTree = "<group>"; };
		69BB0213279DD32C0072239E /* GameObject.swift */ = {isa = PBXFileReference; lastKnownFileType = sourcecode.swift; path = GameObject.swift; sourceTree = "<group>"; };
		69BB0215279DD3A90072239E /* GameProtocol.swift */ = {isa = PBXFileReference; lastKnownFileType = sourcecode.swift; path = GameProtocol.swift; sourceTree = "<group>"; };
		69BB0219279DDFC10072239E /* Quit.swift */ = {isa = PBXFileReference; lastKnownFileType = sourcecode.swift; path = Quit.swift; sourceTree = "<group>"; };
		69BB021B279DE3830072239E /* Spin.swift */ = {isa = PBXFileReference; lastKnownFileType = sourcecode.swift; path = Spin.swift; sourceTree = "<group>"; };
/* End PBXFileReference section */

/* Begin PBXFrameworksBuildPhase section */
		6107D1BB279D139600DF66AC /* Frameworks */ = {
			isa = PBXFrameworksBuildPhase;
			buildActionMask = 2147483647;
			files = (
			);
			runOnlyForDeploymentPostprocessing = 0;
		};
/* End PBXFrameworksBuildPhase section */

/* Begin PBXGroup section */
		6107D1B5279D139500DF66AC = {
			isa = PBXGroup;
			children = (
				6107D1C0279D139600DF66AC /* slot-machine-a1 */,
				6107D1BF279D139600DF66AC /* Products */,
			);
			sourceTree = "<group>";
		};
		6107D1BF279D139600DF66AC /* Products */ = {
			isa = PBXGroup;
			children = (
				6107D1BE279D139600DF66AC /* slot-machine-a1.app */,
			);
			name = Products;
			sourceTree = "<group>";
		};
		6107D1C0279D139600DF66AC /* slot-machine-a1 */ = {
			isa = PBXGroup;
			children = (
				69BB0212279DD3090072239E /* Core */,
				69BB020F279DD2650072239E /* SlotObjects */,
				6107D1C1279D139600DF66AC /* AppDelegate.swift */,
				6107D1C3279D139600DF66AC /* GameScene.sks */,
				6107D1C5279D139600DF66AC /* Actions.sks */,
				6107D1C7279D139600DF66AC /* GameScene.swift */,
				6107D1C9279D139600DF66AC /* GameViewController.swift */,
				6107D1CB279D139600DF66AC /* Main.storyboard */,
				6107D1CE279D139600DF66AC /* Assets.xcassets */,
				6107D1D0279D139600DF66AC /* LaunchScreen.storyboard */,
			);
			path = "slot-machine-a1";
			sourceTree = "<group>";
		};
		69BB020F279DD2650072239E /* SlotObjects */ = {
			isa = PBXGroup;
			children = (
				69BB0210279DD29F0072239E /* BackgroundImg.swift */,
				69BB0219279DDFC10072239E /* Quit.swift */,
				69BB021B279DE3830072239E /* Spin.swift */,
			);
			path = SlotObjects;
			sourceTree = "<group>";
		};
		69BB0212279DD3090072239E /* Core */ = {
			isa = PBXGroup;
			children = (
				69BB0213279DD32C0072239E /* GameObject.swift */,
				69BB0215279DD3A90072239E /* GameProtocol.swift */,
			);
			path = Core;
			sourceTree = "<group>";
		};
/* End PBXGroup section */

/* Begin PBXNativeTarget section */
		6107D1BD279D139600DF66AC /* slot-machine-a1 */ = {
			isa = PBXNativeTarget;
			buildConfigurationList = 6107D1D5279D139600DF66AC /* Build configuration list for PBXNativeTarget "slot-machine-a1" */;
			buildPhases = (
				6107D1BA279D139600DF66AC /* Sources */,
				6107D1BB279D139600DF66AC /* Frameworks */,
				6107D1BC279D139600DF66AC /* Resources */,
			);
			buildRules = (
			);
			dependencies = (
			);
			name = "slot-machine-a1";
			productName = "slot-machine-a1";
			productReference = 6107D1BE279D139600DF66AC /* slot-machine-a1.app */;
			productType = "com.apple.product-type.application";
		};
/* End PBXNativeTarget section */

/* Begin PBXProject section */
		6107D1B6279D139500DF66AC /* Project object */ = {
			isa = PBXProject;
			attributes = {
				BuildIndependentTargetsInParallel = 1;
				LastSwiftUpdateCheck = 1310;
				LastUpgradeCheck = 1310;
				TargetAttributes = {
					6107D1BD279D139600DF66AC = {
						CreatedOnToolsVersion = 13.1;
					};
				};
			};
			buildConfigurationList = 6107D1B9279D139500DF66AC /* Build configuration list for PBXProject "slot-machine-a1" */;
			compatibilityVersion = "Xcode 13.0";
			developmentRegion = en;
			hasScannedForEncodings = 0;
			knownRegions = (
				en,
				Base,
			);
			mainGroup = 6107D1B5279D139500DF66AC;
			productRefGroup = 6107D1BF279D139600DF66AC /* Products */;
			projectDirPath = "";
			projectRoot = "";
			targets = (
				6107D1BD279D139600DF66AC /* slot-machine-a1 */,
			);
		};
/* End PBXProject section */

/* Begin PBXResourcesBuildPhase section */
		6107D1BC279D139600DF66AC /* Resources */ = {
			isa = PBXResourcesBuildPhase;
			buildActionMask = 2147483647;
			files = (
				6107D1CD279D139600DF66AC /* Main.storyboard in Resources */,
				6107D1C4279D139600DF66AC /* GameScene.sks in Resources */,
				6107D1CF279D139600DF66AC /* Assets.xcassets in Resources */,
				6107D1D2279D139600DF66AC /* LaunchScreen.storyboard in Resources */,
				6107D1C6279D139600DF66AC /* Actions.sks in Resources */,
			);
			runOnlyForDeploymentPostprocessing = 0;
		};
/* End PBXResourcesBuildPhase section */

/* Begin PBXSourcesBuildPhase section */
		6107D1BA279D139600DF66AC /* Sources */ = {
			isa = PBXSourcesBuildPhase;
			buildActionMask = 2147483647;
			files = (
				6107D1C8279D139600DF66AC /* GameScene.swift in Sources */,
				6107D1CA279D139600DF66AC /* GameViewController.swift in Sources */,
				6107D1C2279D139600DF66AC /* AppDelegate.swift in Sources */,
				69BB0211279DD29F0072239E /* BackgroundImg.swift in Sources */,
				69BB0214279DD32C0072239E /* GameObject.swift in Sources */,
				69BB0216279DD3A90072239E /* GameProtocol.swift in Sources */,
				69BB021A279DDFC10072239E /* Quit.swift in Sources */,
				69BB021C279DE3830072239E /* Spin.swift in Sources */,
			);
			runOnlyForDeploymentPostprocessing = 0;
		};
/* End PBXSourcesBuildPhase section */

/* Begin PBXVariantGroup section */
		6107D1CB279D139600DF66AC /* Main.storyboard */ = {
			isa = PBXVariantGroup;
			children = (
				6107D1CC279D139600DF66AC /* Base */,
			);
			name = Main.storyboard;
			sourceTree = "<group>";
		};
		6107D1D0279D139600DF66AC /* LaunchScreen.storyboard */ = {
			isa = PBXVariantGroup;
			children = (
				6107D1D1279D139600DF66AC /* Base */,
			);
			name = LaunchScreen.storyboard;
			sourceTree = "<group>";
		};
/* End PBXVariantGroup section */

/* Begin XCBuildConfiguration section */
		6107D1D3279D139600DF66AC /* Debug */ = {
			isa = XCBuildConfiguration;
			buildSettings = {
				ALWAYS_SEARCH_USER_PATHS = NO;
				CLANG_ANALYZER_NONNULL = YES;
				CLANG_ANALYZER_NUMBER_OBJECT_CONVERSION = YES_AGGRESSIVE;
				CLANG_CXX_LANGUAGE_STANDARD = "gnu++17";
				CLANG_CXX_LIBRARY = "libc++";
				CLANG_ENABLE_MODULES = YES;
				CLANG_ENABLE_OBJC_ARC = YES;
				CLANG_ENABLE_OBJC_WEAK = YES;
				CLANG_WARN_BLOCK_CAPTURE_AUTORELEASING = YES;
				CLANG_WARN_BOOL_CONVERSION = YES;
				CLANG_WARN_COMMA = YES;
				CLANG_WARN_CONSTANT_CONVERSION = YES;
				CLANG_WARN_DEPRECATED_OBJC_IMPLEMENTATIONS = YES;
				CLANG_WARN_DIRECT_OBJC_ISA_USAGE = YES_ERROR;
				CLANG_WARN_DOCUMENTATION_COMMENTS = YES;
				CLANG_WARN_EMPTY_BODY = YES;
				CLANG_WARN_ENUM_CONVERSION = YES;
				CLANG_WARN_INFINITE_RECURSION = YES;
				CLANG_WARN_INT_CONVERSION = YES;
				CLANG_WARN_NON_LITERAL_NULL_CONVERSION = YES;
				CLANG_WARN_OBJC_IMPLICIT_RETAIN_SELF = YES;
				CLANG_WARN_OBJC_LITERAL_CONVERSION = YES;
				CLANG_WARN_OBJC_ROOT_CLASS = YES_ERROR;
				CLANG_WARN_QUOTED_INCLUDE_IN_FRAMEWORK_HEADER = YES;
				CLANG_WARN_RANGE_LOOP_ANALYSIS = YES;
				CLANG_WARN_STRICT_PROTOTYPES = YES;
				CLANG_WARN_SUSPICIOUS_MOVE = YES;
				CLANG_WARN_UNGUARDED_AVAILABILITY = YES_AGGRESSIVE;
				CLANG_WARN_UNREACHABLE_CODE = YES;
				CLANG_WARN__DUPLICATE_METHOD_MATCH = YES;
				COPY_PHASE_STRIP = NO;
				DEBUG_INFORMATION_FORMAT = dwarf;
				ENABLE_STRICT_OBJC_MSGSEND = YES;
				ENABLE_TESTABILITY = YES;
				GCC_C_LANGUAGE_STANDARD = gnu11;
				GCC_DYNAMIC_NO_PIC = NO;
				GCC_NO_COMMON_BLOCKS = YES;
				GCC_OPTIMIZATION_LEVEL = 0;
				GCC_PREPROCESSOR_DEFINITIONS = (
					"DEBUG=1",
					"$(inherited)",
				);
				GCC_WARN_64_TO_32_BIT_CONVERSION = YES;
				GCC_WARN_ABOUT_RETURN_TYPE = YES_ERROR;
				GCC_WARN_UNDECLARED_SELECTOR = YES;
				GCC_WARN_UNINITIALIZED_AUTOS = YES_AGGRESSIVE;
				GCC_WARN_UNUSED_FUNCTION = YES;
				GCC_WARN_UNUSED_VARIABLE = YES;
				IPHONEOS_DEPLOYMENT_TARGET = 15.0;
				MTL_ENABLE_DEBUG_INFO = INCLUDE_SOURCE;
				MTL_FAST_MATH = YES;
				ONLY_ACTIVE_ARCH = YES;
				SDKROOT = iphoneos;
				SWIFT_ACTIVE_COMPILATION_CONDITIONS = DEBUG;
				SWIFT_OPTIMIZATION_LEVEL = "-Onone";
			};
			name = Debug;
		};
		6107D1D4279D139600DF66AC /* Release */ = {
			isa = XCBuildConfiguration;
			buildSettings = {
				ALWAYS_SEARCH_USER_PATHS = NO;
				CLANG_ANALYZER_NONNULL = YES;
				CLANG_ANALYZER_NUMBER_OBJECT_CONVERSION = YES_AGGRESSIVE;
				CLANG_CXX_LANGUAGE_STANDARD = "gnu++17";
				CLANG_CXX_LIBRARY = "libc++";
				CLANG_ENABLE_MODULES = YES;
				CLANG_ENABLE_OBJC_ARC = YES;
				CLANG_ENABLE_OBJC_WEAK = YES;
				CLANG_WARN_BLOCK_CAPTURE_AUTORELEASING = YES;
				CLANG_WARN_BOOL_CONVERSION = YES;
				CLANG_WARN_COMMA = YES;
				CLANG_WARN_CONSTANT_CONVERSION = YES;
				CLANG_WARN_DEPRECATED_OBJC_IMPLEMENTATIONS = YES;
				CLANG_WARN_DIRECT_OBJC_ISA_USAGE = YES_ERROR;
				CLANG_WARN_DOCUMENTATION_COMMENTS = YES;
				CLANG_WARN_EMPTY_BODY = YES;
				CLANG_WARN_ENUM_CONVERSION = YES;
				CLANG_WARN_INFINITE_RECURSION = YES;
				CLANG_WARN_INT_CONVERSION = YES;
				CLANG_WARN_NON_LITERAL_NULL_CONVERSION = YES;
				CLANG_WARN_OBJC_IMPLICIT_RETAIN_SELF = YES;
				CLANG_WARN_OBJC_LITERAL_CONVERSION = YES;
				CLANG_WARN_OBJC_ROOT_CLASS = YES_ERROR;
				CLANG_WARN_QUOTED_INCLUDE_IN_FRAMEWORK_HEADER = YES;
				CLANG_WARN_RANGE_LOOP_ANALYSIS = YES;
				CLANG_WARN_STRICT_PROTOTYPES = YES;
				CLANG_WARN_SUSPICIOUS_MOVE = YES;
				CLANG_WARN_UNGUARDED_AVAILABILITY = YES_AGGRESSIVE;
				CLANG_WARN_UNREACHABLE_CODE = YES;
				CLANG_WARN__DUPLICATE_METHOD_MATCH = YES;
				COPY_PHASE_STRIP = NO;
				DEBUG_INFORMATION_FORMAT = "dwarf-with-dsym";
				ENABLE_NS_ASSERTIONS = NO;
				ENABLE_STRICT_OBJC_MSGSEND = YES;
				GCC_C_LANGUAGE_STANDARD = gnu11;
				GCC_NO_COMMON_BLOCKS = YES;
				GCC_WARN_64_TO_32_BIT_CONVERSION = YES;
				GCC_WARN_ABOUT_RETURN_TYPE = YES_ERROR;
				GCC_WARN_UNDECLARED_SELECTOR = YES;
				GCC_WARN_UNINITIALIZED_AUTOS = YES_AGGRESSIVE;
				GCC_WARN_UNUSED_FUNCTION = YES;
				GCC_WARN_UNUSED_VARIABLE = YES;
				IPHONEOS_DEPLOYMENT_TARGET = 15.0;
				MTL_ENABLE_DEBUG_INFO = NO;
				MTL_FAST_MATH = YES;
				SDKROOT = iphoneos;
				SWIFT_COMPILATION_MODE = wholemodule;
				SWIFT_OPTIMIZATION_LEVEL = "-O";
				VALIDATE_PRODUCT = YES;
			};
			name = Release;
		};
		6107D1D6279D139600DF66AC /* Debug */ = {
			isa = XCBuildConfiguration;
			buildSettings = {
				ASSETCATALOG_COMPILER_APPICON_NAME = AppIcon;
				ASSETCATALOG_COMPILER_GLOBAL_ACCENT_COLOR_NAME = AccentColor;
				CODE_SIGN_STYLE = Automatic;
				CURRENT_PROJECT_VERSION = 1;
				GENERATE_INFOPLIST_FILE = YES;
				INFOPLIST_KEY_UIApplicationSupportsIndirectInputEvents = YES;
				INFOPLIST_KEY_UILaunchStoryboardName = LaunchScreen;
				INFOPLIST_KEY_UIMainStoryboardFile = Main;
				INFOPLIST_KEY_UIStatusBarHidden = YES;
				INFOPLIST_KEY_UISupportedInterfaceOrientations_iPad = "UIInterfaceOrientationPortrait UIInterfaceOrientationPortraitUpsideDown UIInterfaceOrientationLandscapeLeft UIInterfaceOrientationLandscapeRight";
				INFOPLIST_KEY_UISupportedInterfaceOrientations_iPhone = "UIInterfaceOrientationPortrait UIInterfaceOrientationLandscapeLeft UIInterfaceOrientationLandscapeRight";
				LD_RUNPATH_SEARCH_PATHS = (
					"$(inherited)",
					"@executable_path/Frameworks",
				);
				MARKETING_VERSION = 1.0;
				PRODUCT_BUNDLE_IDENTIFIER = "slot.slot-machine-a1";
				PRODUCT_NAME = "$(TARGET_NAME)";
				SWIFT_EMIT_LOC_STRINGS = YES;
				SWIFT_VERSION = 5.0;
				TARGETED_DEVICE_FAMILY = "1,2";
			};
			name = Debug;
		};
		6107D1D7279D139600DF66AC /* Release */ = {
			isa = XCBuildConfiguration;
			buildSettings = {
				ASSETCATALOG_COMPILER_APPICON_NAME = AppIcon;
				ASSETCATALOG_COMPILER_GLOBAL_ACCENT_COLOR_NAME = AccentColor;
				CODE_SIGN_STYLE = Automatic;
				CURRENT_PROJECT_VERSION = 1;
				GENERATE_INFOPLIST_FILE = YES;
				INFOPLIST_KEY_UIApplicationSupportsIndirectInputEvents = YES;
				INFOPLIST_KEY_UILaunchStoryboardName = LaunchScreen;
				INFOPLIST_KEY_UIMainStoryboardFile = Main;
				INFOPLIST_KEY_UIStatusBarHidden = YES;
				INFOPLIST_KEY_UISupportedInterfaceOrientations_iPad = "UIInterfaceOrientationPortrait UIInterfaceOrientationPortraitUpsideDown UIInterfaceOrientationLandscapeLeft UIInterfaceOrientationLandscapeRight";
				INFOPLIST_KEY_UISupportedInterfaceOrientations_iPhone = "UIInterfaceOrientationPortrait UIInterfaceOrientationLandscapeLeft UIInterfaceOrientationLandscapeRight";
				LD_RUNPATH_SEARCH_PATHS = (
					"$(inherited)",
					"@executable_path/Frameworks",
				);
				MARKETING_VERSION = 1.0;
				PRODUCT_BUNDLE_IDENTIFIER = "slot.slot-machine-a1";
				PRODUCT_NAME = "$(TARGET_NAME)";
				SWIFT_EMIT_LOC_STRINGS = YES;
				SWIFT_VERSION = 5.0;
				TARGETED_DEVICE_FAMILY = "1,2";
			};
			name = Release;
		};
/* End XCBuildConfiguration section */

/* Begin XCConfigurationList section */
		6107D1B9279D139500DF66AC /* Build configuration list for PBXProject "slot-machine-a1" */ = {
			isa = XCConfigurationList;
			buildConfigurations = (
				6107D1D3279D139600DF66AC /* Debug */,
				6107D1D4279D139600DF66AC /* Release */,
			);
			defaultConfigurationIsVisible = 0;
			defaultConfigurationName = Release;
		};
		6107D1D5279D139600DF66AC /* Build configuration list for PBXNativeTarget "slot-machine-a1" */ = {
			isa = XCConfigurationList;
			buildConfigurations = (
				6107D1D6279D139600DF66AC /* Debug */,
				6107D1D7279D139600DF66AC /* Release */,
			);
			defaultConfigurationIsVisible = 0;
			defaultConfigurationName = Release;
		};
/* End XCConfigurationList section */
	};
	rootObject = 6107D1B6279D139500DF66AC /* Project object */;
}
